
Microsoft Visual Studio Solution File, Format Version 12.00
# Visual Studio Version 17
VisualStudioVersion = 17.6.33815.320
MinimumVisualStudioVersion = 10.0.40219.1
Project("{2150E333-8FDC-42A3-9474-1A3956D46DE8}") = "src", "src", "{7DEF83F1-191B-433C-B792-9C8E8F7078BB}"
EndProject
Project("{2150E333-8FDC-42A3-9474-1A3956D46DE8}") = "tests", "tests", "{7C7DD788-E0AC-47EE-A8A9-A2B4FAC18C64}"
EndProject
Project("{9A19103F-16F7-4668-BE54-9A1E7A4F7556}") = "Hyme.Domain", "src\Hyme.Domain\Hyme.Domain.csproj", "{F1055AEF-D7CD-4A80-ADE7-D824018CE6D3}"
EndProject
Project("{9A19103F-16F7-4668-BE54-9A1E7A4F7556}") = "Hyme.Application", "src\Hyme.Application\Hyme.Application.csproj", "{59C4A726-3173-4924-9AF6-EB7A8F3D0CB9}"
EndProject
Project("{9A19103F-16F7-4668-BE54-9A1E7A4F7556}") = "Hyme.Infrastructure", "src\Hyme.Infrastructure\Hyme.Infrastructure.csproj", "{621C9D1B-467C-4A10-9B45-5A95CE84F3D0}"
EndProject
Project("{9A19103F-16F7-4668-BE54-9A1E7A4F7556}") = "Hyme.API", "src\Hyme.API\Hyme.API.csproj", "{8DE38001-5A61-4A26-8315-482ADC0D5C04}"
EndProject
Project("{2150E333-8FDC-42A3-9474-1A3956D46DE8}") = "UnitTests", "UnitTests", "{E182B959-162E-45FB-B334-69CCD67BBF91}"
EndProject
Project("{2150E333-8FDC-42A3-9474-1A3956D46DE8}") = "IntegrationTests", "IntegrationTests", "{FA02F527-4859-4C0F-AB67-D6DEC9B912FC}"
EndProject
Project("{9A19103F-16F7-4668-BE54-9A1E7A4F7556}") = "Hyme.API.Tests", "tests\UnitTests\Hyme.API.Tests\Hyme.API.Tests.csproj", "{BDBF0D0E-CF07-4908-B8FD-A29C4361BB81}"
EndProject
Project("{9A19103F-16F7-4668-BE54-9A1E7A4F7556}") = "Hyme.Application.Tests", "tests\UnitTests\Hyme.Application.Tests\Hyme.Application.Tests.csproj", "{4E8B20D9-1554-4C26-9ADD-CF269801E6C8}"
EndProject
Project("{9A19103F-16F7-4668-BE54-9A1E7A4F7556}") = "Hyme.Infrastructure.Tests", "tests\UnitTests\Hyme.Infrastructure.Tests\Hyme.Infrastructure.Tests.csproj", "{9344E66C-D376-4FAC-B465-19B83D9A9595}"
EndProject
Project("{9A19103F-16F7-4668-BE54-9A1E7A4F7556}") = "Hyme.Domain.Tests", "tests\UnitTests\Hyme.Domain.Tests\Hyme.Domain.Tests.csproj", "{B76250DC-8F94-493A-A32D-AAAB0EA7586E}"
EndProject
Global
	GlobalSection(SolutionConfigurationPlatforms) = preSolution
		Debug|Any CPU = Debug|Any CPU
		Release|Any CPU = Release|Any CPU
	EndGlobalSection
	GlobalSection(ProjectConfigurationPlatforms) = postSolution
		{F1055AEF-D7CD-4A80-ADE7-D824018CE6D3}.Debug|Any CPU.ActiveCfg = Debug|Any CPU
		{F1055AEF-D7CD-4A80-ADE7-D824018CE6D3}.Debug|Any CPU.Build.0 = Debug|Any CPU
		{F1055AEF-D7CD-4A80-ADE7-D824018CE6D3}.Release|Any CPU.ActiveCfg = Release|Any CPU
		{F1055AEF-D7CD-4A80-ADE7-D824018CE6D3}.Release|Any CPU.Build.0 = Release|Any CPU
		{59C4A726-3173-4924-9AF6-EB7A8F3D0CB9}.Debug|Any CPU.ActiveCfg = Debug|Any CPU
		{59C4A726-3173-4924-9AF6-EB7A8F3D0CB9}.Debug|Any CPU.Build.0 = Debug|Any CPU
		{59C4A726-3173-4924-9AF6-EB7A8F3D0CB9}.Release|Any CPU.ActiveCfg = Release|Any CPU
		{59C4A726-3173-4924-9AF6-EB7A8F3D0CB9}.Release|Any CPU.Build.0 = Release|Any CPU
		{621C9D1B-467C-4A10-9B45-5A95CE84F3D0}.Debug|Any CPU.ActiveCfg = Debug|Any CPU
		{621C9D1B-467C-4A10-9B45-5A95CE84F3D0}.Debug|Any CPU.Build.0 = Debug|Any CPU
		{621C9D1B-467C-4A10-9B45-5A95CE84F3D0}.Release|Any CPU.ActiveCfg = Release|Any CPU
		{621C9D1B-467C-4A10-9B45-5A95CE84F3D0}.Release|Any CPU.Build.0 = Release|Any CPU
		{8DE38001-5A61-4A26-8315-482ADC0D5C04}.Debug|Any CPU.ActiveCfg = Debug|Any CPU
		{8DE38001-5A61-4A26-8315-482ADC0D5C04}.Debug|Any CPU.Build.0 = Debug|Any CPU
		{8DE38001-5A61-4A26-8315-482ADC0D5C04}.Release|Any CPU.ActiveCfg = Release|Any CPU
		{8DE38001-5A61-4A26-8315-482ADC0D5C04}.Release|Any CPU.Build.0 = Release|Any CPU
		{BDBF0D0E-CF07-4908-B8FD-A29C4361BB81}.Debug|Any CPU.ActiveCfg = Debug|Any CPU
		{BDBF0D0E-CF07-4908-B8FD-A29C4361BB81}.Debug|Any CPU.Build.0 = Debug|Any CPU
		{BDBF0D0E-CF07-4908-B8FD-A29C4361BB81}.Release|Any CPU.ActiveCfg = Release|Any CPU
		{BDBF0D0E-CF07-4908-B8FD-A29C4361BB81}.Release|Any CPU.Build.0 = Release|Any CPU
		{4E8B20D9-1554-4C26-9ADD-CF269801E6C8}.Debug|Any CPU.ActiveCfg = Debug|Any CPU
		{4E8B20D9-1554-4C26-9ADD-CF269801E6C8}.Debug|Any CPU.Build.0 = Debug|Any CPU
		{4E8B20D9-1554-4C26-9ADD-CF269801E6C8}.Release|Any CPU.ActiveCfg = Release|Any CPU
		{4E8B20D9-1554-4C26-9ADD-CF269801E6C8}.Release|Any CPU.Build.0 = Release|Any CPU
		{9344E66C-D376-4FAC-B465-19B83D9A9595}.Debug|Any CPU.ActiveCfg = Debug|Any CPU
		{9344E66C-D376-4FAC-B465-19B83D9A9595}.Debug|Any CPU.Build.0 = Debug|Any CPU
		{9344E66C-D376-4FAC-B465-19B83D9A9595}.Release|Any CPU.ActiveCfg = Release|Any CPU
		{9344E66C-D376-4FAC-B465-19B83D9A9595}.Release|Any CPU.Build.0 = Release|Any CPU
		{B76250DC-8F94-493A-A32D-AAAB0EA7586E}.Debug|Any CPU.ActiveCfg = Debug|Any CPU
		{B76250DC-8F94-493A-A32D-AAAB0EA7586E}.Debug|Any CPU.Build.0 = Debug|Any CPU
		{B76250DC-8F94-493A-A32D-AAAB0EA7586E}.Release|Any CPU.ActiveCfg = Release|Any CPU
		{B76250DC-8F94-493A-A32D-AAAB0EA7586E}.Release|Any CPU.Build.0 = Release|Any CPU
	EndGlobalSection
	GlobalSection(SolutionProperties) = preSolution
		HideSolutionNode = FALSE
	EndGlobalSection
	GlobalSection(NestedProjects) = preSolution
		{F1055AEF-D7CD-4A80-ADE7-D824018CE6D3} = {7DEF83F1-191B-433C-B792-9C8E8F7078BB}
		{59C4A726-3173-4924-9AF6-EB7A8F3D0CB9} = {7DEF83F1-191B-433C-B792-9C8E8F7078BB}
		{621C9D1B-467C-4A10-9B45-5A95CE84F3D0} = {7DEF83F1-191B-433C-B792-9C8E8F7078BB}
		{8DE38001-5A61-4A26-8315-482ADC0D5C04} = {7DEF83F1-191B-433C-B792-9C8E8F7078BB}
		{E182B959-162E-45FB-B334-69CCD67BBF91} = {7C7DD788-E0AC-47EE-A8A9-A2B4FAC18C64}
		{FA02F527-4859-4C0F-AB67-D6DEC9B912FC} = {7C7DD788-E0AC-47EE-A8A9-A2B4FAC18C64}
		{BDBF0D0E-CF07-4908-B8FD-A29C4361BB81} = {E182B959-162E-45FB-B334-69CCD67BBF91}
		{4E8B20D9-1554-4C26-9ADD-CF269801E6C8} = {E182B959-162E-45FB-B334-69CCD67BBF91}
		{9344E66C-D376-4FAC-B465-19B83D9A9595} = {E182B959-162E-45FB-B334-69CCD67BBF91}
		{B76250DC-8F94-493A-A32D-AAAB0EA7586E} = {E182B959-162E-45FB-B334-69CCD67BBF91}
	EndGlobalSection
	GlobalSection(ExtensibilityGlobals) = postSolution
		SolutionGuid = {7D124089-EF4D-4AA4-92DF-CE24C9C5BE08}
	EndGlobalSection
EndGlobal
